
Microsoft Visual Studio Solution File, Format Version 12.00
# Visual Studio Version 17
VisualStudioVersion = 17.8.34316.72
MinimumVisualStudioVersion = 10.0.40219.1
Project("{FAE04EC0-301F-11D3-BF4B-00C04F79EFBC}") = "SignupLoginValidation", "SignupLoginValidation\SignupLoginValidation.csproj", "{E5BACCC8-8BAB-446F-B4AD-33A92C833E6D}"
EndProject
Global
	GlobalSection(SolutionConfigurationPlatforms) = preSolution
		Debug|Any CPU = Debug|Any CPU
		Release|Any CPU = Release|Any CPU
	EndGlobalSection
	GlobalSection(ProjectConfigurationPlatforms) = postSolution
		{E5BACCC8-8BAB-446F-B4AD-33A92C833E6D}.Debug|Any CPU.ActiveCfg = Debug|Any CPU
		{E5BACCC8-8BAB-446F-B4AD-33A92C833E6D}.Debug|Any CPU.Build.0 = Debug|Any CPU
		{E5BACCC8-8BAB-446F-B4AD-33A92C833E6D}.Release|Any CPU.ActiveCfg = Release|Any CPU
		{E5BACCC8-8BAB-446F-B4AD-33A92C833E6D}.Release|Any CPU.Build.0 = Release|Any CPU
	EndGlobalSection
	GlobalSection(SolutionProperties) = preSolution
		HideSolutionNode = FALSE
	EndGlobalSection
	GlobalSection(ExtensibilityGlobals) = postSolution
		SolutionGuid = {D0604765-F27A-4FE1-A37C-B091F420DA0D}
	EndGlobalSection
EndGlobal
